
Microsoft Visual Studio Solution File, Format Version 12.00
# Visual Studio Version 17
VisualStudioVersion = 17.5.33516.290
MinimumVisualStudioVersion = 10.0.40219.1
Project("{8BC9CEB8-8B4A-11D0-8D11-00A0C91BC942}") = "Pokemon", "Pokemon.vcxproj", "{4C6FC49E-2B97-3C72-8E89-85E37382D5C3}"
EndProject
Global
	GlobalSection(SolutionConfigurationPlatforms) = preSolution
		Debug|x64 = Debug|x64
		Release|x64 = Release|x64
	EndGlobalSection
	GlobalSection(ProjectConfigurationPlatforms) = postSolution
		{4C6FC49E-2B97-3C72-8E89-85E37382D5C3}.Debug|x64.ActiveCfg = Debug|x64
		{4C6FC49E-2B97-3C72-8E89-85E37382D5C3}.Debug|x64.Build.0 = Debug|x64
		{4C6FC49E-2B97-3C72-8E89-85E37382D5C3}.Release|x64.ActiveCfg = Release|x64
		{4C6FC49E-2B97-3C72-8E89-85E37382D5C3}.Release|x64.Build.0 = Release|x64
	EndGlobalSection
	GlobalSection(SolutionProperties) = preSolution
		HideSolutionNode = FALSE
	EndGlobalSection
	GlobalSection(ExtensibilityGlobals) = postSolution
		SolutionGuid = {72C4BB9D-A9E5-401D-8059-3AD8EF30D46A}
	EndGlobalSection
EndGlobal
